
Microsoft Visual Studio Solution File, Format Version 12.00
# Visual Studio Version 17
VisualStudioVersion = 17.0.32112.339
MinimumVisualStudioVersion = 10.0.40219.1
Project("{9092AA53-FB77-4645-B42D-1CCCA6BD08BD}") = "project00", "project00.njsproj", "{BF1FF727-D438-408D-BE37-285B76E53842}"
EndProject
Global
	GlobalSection(SolutionConfigurationPlatforms) = preSolution
		Debug|Any CPU = Debug|Any CPU
		Release|Any CPU = Release|Any CPU
	EndGlobalSection
	GlobalSection(ProjectConfigurationPlatforms) = postSolution
		{BF1FF727-D438-408D-BE37-285B76E53842}.Debug|Any CPU.ActiveCfg = Debug|Any CPU
		{BF1FF727-D438-408D-BE37-285B76E53842}.Debug|Any CPU.Build.0 = Debug|Any CPU
		{BF1FF727-D438-408D-BE37-285B76E53842}.Release|Any CPU.ActiveCfg = Release|Any CPU
		{BF1FF727-D438-408D-BE37-285B76E53842}.Release|Any CPU.Build.0 = Release|Any CPU
	EndGlobalSection
	GlobalSection(SolutionProperties) = preSolution
		HideSolutionNode = FALSE
	EndGlobalSection
	GlobalSection(ExtensibilityGlobals) = postSolution
		SolutionGuid = {2269268F-85BF-4946-8652-7B44481137C2}
	EndGlobalSection
EndGlobal
